<Solution>
  <Folder Name="/SolutionItems/">
    <File Path=".gitignore" />
    <File Path="CLAUDE.md" />
    <File Path="ENERGY_MODULE.md" />
  </Folder>
  <Project Path="EnergyAi.AppHost/EnergyAi.AppHost.csproj" />
  <Project Path="EnergyAi.Server/EnergyAi.Server.csproj" />
  <Project Path="frontend/frontend.esproj">
    <Build />
    <Deploy />
  </Project>
</Solution>
